github.com/google/uuid v1.2.0 h1:qJYtXnJRWmpe7m/3XlyhrsLrEURqHRM2kxzoxXqyUDs=
github.com/google/uuid v1.2.0/go.mod h1:TIyPZe4MgqvfeYDBFedMoGGpEw/LqOeaOT+nhxU+yHo=
github.com/mistifyio/go-zfs/v4 v4.0.0 h1:sU0+5dX45tdDK5xNZ3HBi95nxUc48FS92qbIZEvpAg4=
github.com/mistifyio/go-zfs/v4 v4.0.0/go.mod h1:weotFtXTHvBwhr9Mv96KYnDkTPBOHFUbm9cBmQpesL0=
github.com/spf13/pflag v1.0.10 h1:4EBh2KAYBwaONj6b2Ye1GiHfwjqyROoF4RwYO+vPwFk=
github.com/spf13/pflag v1.0.10/go.mod h1:McXfInJRrz4CZXVZOBLb0bTZqETkiAhM9Iw0y3An2Bg=
